
Microsoft Visual Studio Solution File, Format Version 12.00
# Visual Studio Version 17
VisualStudioVersion = 17.0.32002.185
MinimumVisualStudioVersion = 10.0.40219.1
Project("{FAE04EC0-301F-11D3-BF4B-00C04F79EFBC}") = "WpfApp0", "WpfApp0.csproj", "{D92AD706-A092-4EBA-B563-6B678D65EEC9}"
EndProject
Global
	GlobalSection(SolutionConfigurationPlatforms) = preSolution
		Debug|Any CPU = Debug|Any CPU
		Release|Any CPU = Release|Any CPU
	EndGlobalSection
	GlobalSection(ProjectConfigurationPlatforms) = postSolution
		{D92AD706-A092-4EBA-B563-6B678D65EEC9}.Debug|Any CPU.ActiveCfg = Debug|Any CPU
		{D92AD706-A092-4EBA-B563-6B678D65EEC9}.Debug|Any CPU.Build.0 = Debug|Any CPU
		{D92AD706-A092-4EBA-B563-6B678D65EEC9}.Release|Any CPU.ActiveCfg = Release|Any CPU
		{D92AD706-A092-4EBA-B563-6B678D65EEC9}.Release|Any CPU.Build.0 = Release|Any CPU
	EndGlobalSection
	GlobalSection(SolutionProperties) = preSolution
		HideSolutionNode = FALSE
	EndGlobalSection
	GlobalSection(ExtensibilityGlobals) = postSolution
		SolutionGuid = {9F639857-6E48-4DD5-BAB0-339987682E33}
	EndGlobalSection
EndGlobal
